
Microsoft Visual Studio Solution File, Format Version 12.00
# Visual Studio Version 17
VisualStudioVersion = 17.4.33205.214
MinimumVisualStudioVersion = 10.0.40219.1
Project("{2150E333-8FDC-42A3-9474-1A3956D46DE8}") = "Frontend", "Frontend", "{06F36630-C578-4349-9C5E-2B4E662431A0}"
EndProject
Project("{9A19103F-16F7-4668-BE54-9A1E7A4F7556}") = "Kenny.Web", "Kenny.Web\Kenny.Web.csproj", "{8D5B87EA-ED8F-4086-942F-D492DCD6391C}"
EndProject
Project("{2150E333-8FDC-42A3-9474-1A3956D46DE8}") = "Services", "Services", "{F4EA9203-4EEA-4823-A14D-3F7A5D5283EF}"
EndProject
Project("{9A19103F-16F7-4668-BE54-9A1E7A4F7556}") = "Kenny.Services.ProductAPI", "Kenny.Services.ProductAPI\Kenny.Services.ProductAPI.csproj", "{713C2802-DD38-4471-9E1B-F31C8831AFB0}"
EndProject
Project("{9A19103F-16F7-4668-BE54-9A1E7A4F7556}") = "Kenny.Services.Identity", "Kenny.Services.Identity\Kenny.Services.Identity.csproj", "{7C936665-2C6D-4900-9529-E5FE24075B1A}"
EndProject
Project("{FAE04EC0-301F-11D3-BF4B-00C04F79EFBC}") = "Kenny.Services.ShoppingCartAPI", "Kenny.Services.ShoppingCartAPI\Kenny.Services.ShoppingCartAPI.csproj", "{AF5BD8AF-F176-4708-A8D1-279315D3E151}"
EndProject
Global
	GlobalSection(SolutionConfigurationPlatforms) = preSolution
		Debug|Any CPU = Debug|Any CPU
		Release|Any CPU = Release|Any CPU
	EndGlobalSection
	GlobalSection(ProjectConfigurationPlatforms) = postSolution
		{8D5B87EA-ED8F-4086-942F-D492DCD6391C}.Debug|Any CPU.ActiveCfg = Debug|Any CPU
		{8D5B87EA-ED8F-4086-942F-D492DCD6391C}.Debug|Any CPU.Build.0 = Debug|Any CPU
		{8D5B87EA-ED8F-4086-942F-D492DCD6391C}.Release|Any CPU.ActiveCfg = Release|Any CPU
		{8D5B87EA-ED8F-4086-942F-D492DCD6391C}.Release|Any CPU.Build.0 = Release|Any CPU
		{713C2802-DD38-4471-9E1B-F31C8831AFB0}.Debug|Any CPU.ActiveCfg = Debug|Any CPU
		{713C2802-DD38-4471-9E1B-F31C8831AFB0}.Debug|Any CPU.Build.0 = Debug|Any CPU
		{713C2802-DD38-4471-9E1B-F31C8831AFB0}.Release|Any CPU.ActiveCfg = Release|Any CPU
		{713C2802-DD38-4471-9E1B-F31C8831AFB0}.Release|Any CPU.Build.0 = Release|Any CPU
		{7C936665-2C6D-4900-9529-E5FE24075B1A}.Debug|Any CPU.ActiveCfg = Debug|Any CPU
		{7C936665-2C6D-4900-9529-E5FE24075B1A}.Debug|Any CPU.Build.0 = Debug|Any CPU
		{7C936665-2C6D-4900-9529-E5FE24075B1A}.Release|Any CPU.ActiveCfg = Release|Any CPU
		{7C936665-2C6D-4900-9529-E5FE24075B1A}.Release|Any CPU.Build.0 = Release|Any CPU
		{AF5BD8AF-F176-4708-A8D1-279315D3E151}.Debug|Any CPU.ActiveCfg = Debug|Any CPU
		{AF5BD8AF-F176-4708-A8D1-279315D3E151}.Debug|Any CPU.Build.0 = Debug|Any CPU
		{AF5BD8AF-F176-4708-A8D1-279315D3E151}.Release|Any CPU.ActiveCfg = Release|Any CPU
		{AF5BD8AF-F176-4708-A8D1-279315D3E151}.Release|Any CPU.Build.0 = Release|Any CPU
	EndGlobalSection
	GlobalSection(SolutionProperties) = preSolution
		HideSolutionNode = FALSE
	EndGlobalSection
	GlobalSection(NestedProjects) = preSolution
		{8D5B87EA-ED8F-4086-942F-D492DCD6391C} = {06F36630-C578-4349-9C5E-2B4E662431A0}
		{713C2802-DD38-4471-9E1B-F31C8831AFB0} = {F4EA9203-4EEA-4823-A14D-3F7A5D5283EF}
		{7C936665-2C6D-4900-9529-E5FE24075B1A} = {F4EA9203-4EEA-4823-A14D-3F7A5D5283EF}
		{AF5BD8AF-F176-4708-A8D1-279315D3E151} = {F4EA9203-4EEA-4823-A14D-3F7A5D5283EF}
	EndGlobalSection
	GlobalSection(ExtensibilityGlobals) = postSolution
		SolutionGuid = {4A5612D1-1119-41B9-813D-3165D2FF5897}
	EndGlobalSection
EndGlobal
